<?xml version="1.0" encoding="utf-8"?>
<Project ToolsVersion="4.0" xmlns="http://schemas.microsoft.com/developer/msbuild/2003">
  <ItemGroup>
    <Filter Include="Debug">
      <UniqueIdentifier>{c7c4b422-ac46-48ed-a9ba-1595ccaeece3}</UniqueIdentifier>
    </Filter>
    <Filter Include="Graphics">
      <UniqueIdentifier>{e3cc9721-b2b3-4f9f-bb9e-5885dc7931e9}</UniqueIdentifier>
    </Filter>
    <Filter Include="System">
      <UniqueIdentifier>{8137757d-606b-4537-8a34-13d31d176996}</UniqueIdentifier>
    </Filter>
    <Filter Include="Utilities">
      <UniqueIdentifier>{41a105f9-0ab4-45fc-abbb-9c60c2cb2ecd}</UniqueIdentifier>
    </Filter>
    <Filter Include="vendor">
      <UniqueIdentifier>{1a6c8430-ea70-46fd-bd88-b2e2299e7864}</UniqueIdentifier>
    </Filter>
    <Filter Include="vendor\ctpl">
      <UniqueIdentifier>{d94d4b42-3a18-475f-a15a-e49c0985918a}</UniqueIdentifier>
    </Filter>
    <Filter Include="CA">
      <UniqueIdentifier>{f0ab440e-1854-4d07-ab52-7bb4cfd0e63b}</UniqueIdentifier>
    </Filter>
    <Filter Include="Engine">
      <UniqueIdentifier>{0931c59b-43af-4a25-af2b-202a2f78a906}</UniqueIdentifier>
    </Filter>
    <Filter Include="Interface">
      <UniqueIdentifier>{5a514f78-58df-41a9-915c-40c526acd901}</UniqueIdentifier>
    </Filter>
  </ItemGroup>
  <ItemGroup>
    <ClInclude Include="stdafx.h" />
    <ClInclude Include="vendor\imgui\imconfig.h">
      <Filter>vendor</Filter>
    </ClInclude>
    <ClInclude Include="vendor\imgui\imgui.h">
      <Filter>vendor</Filter>
    </ClInclude>
    <ClInclude Include="vendor\imgui\imgui_impl_glfw.h">
      <Filter>vendor</Filter>
    </ClInclude>
    <ClInclude Include="vendor\imgui\imgui_impl_opengl3.h">
      <Filter>vendor</Filter>
    </ClInclude>
    <ClInclude Include="vendor\imgui\imgui_internal.h">
      <Filter>vendor</Filter>
    </ClInclude>
    <ClInclude Include="vendor\imgui\imstb_rectpack.h">
      <Filter>vendor</Filter>
    </ClInclude>
    <ClInclude Include="vendor\imgui\imstb_textedit.h">
      <Filter>vendor</Filter>
    </ClInclude>
    <ClInclude Include="vendor\imgui\imstb_truetype.h">
      <Filter>vendor</Filter>
    </ClInclude>
    <ClInclude Include="vendor\imgui\stb_rect_pack.h">
      <Filter>vendor</Filter>
    </ClInclude>
    <ClInclude Include="vendor\imgui\stb_textedit.h">
      <Filter>vendor</Filter>
    </ClInclude>
    <ClInclude Include="vendor\imgui\stb_truetype.h">
      <Filter>vendor</Filter>
    </ClInclude>
    <ClInclude Include="vendor\ctpl_stl.h">
      <Filter>vendor\ctpl</Filter>
    </ClInclude>
    <ClInclude Include="CommonDevice.cuh">
      <Filter>CA</Filter>
    </ClInclude>
    <ClInclude Include="PipeWater.h">
      <Filter>CA</Filter>
    </ClInclude>
    <ClInclude Include="vendor\helper_cuda.h">
      <Filter>vendor</Filter>
    </ClInclude>
    <ClInclude Include="vendor\helper_string.h">
      <Filter>vendor</Filter>
    </ClInclude>
    <ClInclude Include="Interface.h">
      <Filter>Interface</Filter>
    </ClInclude>
    <ClInclude Include="Renderer.h">
      <Filter>Graphics</Filter>
    </ClInclude>
    <ClInclude Include="Engine\Source\camera.h">
      <Filter>Engine</Filter>
    </ClInclude>
    <ClInclude Include="Engine\Source\debug.h">
      <Filter>Engine</Filter>
    </ClInclude>
    <ClInclude Include="Engine\Source\Engine.h">
      <Filter>Engine</Filter>
    </ClInclude>
    <ClInclude Include="Engine\Source\engine_assert.h">
      <Filter>Engine</Filter>
    </ClInclude>
    <ClInclude Include="Engine\Source\ibo.h">
      <Filter>Engine</Filter>
    </ClInclude>
    <ClInclude Include="Engine\Source\imgui_impl.h">
      <Filter>Engine</Filter>
    </ClInclude>
    <ClInclude Include="Engine\Source\input.h">
      <Filter>Engine</Filter>
    </ClInclude>
    <ClInclude Include="Engine\Source\load_image.h">
      <Filter>Engine</Filter>
    </ClInclude>
    <ClInclude Include="Engine\Source\math_utils.h">
      <Filter>Engine</Filter>
    </ClInclude>
    <ClInclude Include="Engine\Source\mesh.h">
      <Filter>Engine</Filter>
    </ClInclude>
    <ClInclude Include="Engine\Source\misc_utils.h">
      <Filter>Engine</Filter>
    </ClInclude>
    <ClInclude Include="Engine\Source\shader.h">
      <Filter>Engine</Filter>
    </ClInclude>
    <ClInclude Include="Engine\Source\sys_window.h">
      <Filter>Engine</Filter>
    </ClInclude>
    <ClInclude Include="Engine\Source\texture.h">
      <Filter>Engine</Filter>
    </ClInclude>
    <ClInclude Include="Engine\Source\utilities.h">
      <Filter>Engine</Filter>
    </ClInclude>
    <ClInclude Include="Engine\Source\vao.h">
      <Filter>Engine</Filter>
    </ClInclude>
    <ClInclude Include="Engine\Source\vbo.h">
      <Filter>Engine</Filter>
    </ClInclude>
    <ClInclude Include="Engine\Source\vbo_layout.h">
      <Filter>Engine</Filter>
    </ClInclude>
    <ClInclude Include="Engine\Source\Pipeline.h">
      <Filter>Engine</Filter>
    </ClInclude>
    <ClInclude Include="settings.h" />
  </ItemGroup>
  <ItemGroup>
    <ClCompile Include="vendor\imgui\imgui.cpp">
      <Filter>vendor</Filter>
    </ClCompile>
    <ClCompile Include="vendor\imgui\imgui_demo.cpp">
      <Filter>vendor</Filter>
    </ClCompile>
    <ClCompile Include="vendor\imgui\imgui_draw.cpp">
      <Filter>vendor</Filter>
    </ClCompile>
    <ClCompile Include="vendor\imgui\imgui_impl_glfw.cpp">
      <Filter>vendor</Filter>
    </ClCompile>
    <ClCompile Include="vendor\imgui\imgui_impl_opengl3.cpp">
      <Filter>vendor</Filter>
    </ClCompile>
    <ClCompile Include="vendor\imgui\imgui_widgets.cpp">
      <Filter>vendor</Filter>
    </ClCompile>
    <ClCompile Include="Interface.cpp">
      <Filter>Interface</Filter>
    </ClCompile>
    <ClCompile Include="Renderer.cpp">
      <Filter>Graphics</Filter>
    </ClCompile>
    <ClCompile Include="Engine\Source\camera.cpp">
      <Filter>Engine</Filter>
    </ClCompile>
    <ClCompile Include="Engine\Source\debug.cpp">
      <Filter>Engine</Filter>
    </ClCompile>
    <ClCompile Include="Engine\Source\Engine.cpp">
      <Filter>Engine</Filter>
    </ClCompile>
    <ClCompile Include="Engine\Source\engine_assert.cpp">
      <Filter>Engine</Filter>
    </ClCompile>
    <ClCompile Include="Engine\Source\ibo.cpp">
      <Filter>Engine</Filter>
    </ClCompile>
    <ClCompile Include="Engine\Source\imgui_impl.cpp">
      <Filter>Engine</Filter>
    </ClCompile>
    <ClCompile Include="Engine\Source\input.cpp">
      <Filter>Engine</Filter>
    </ClCompile>
    <ClCompile Include="Engine\Source\load_image.cpp">
      <Filter>Engine</Filter>
    </ClCompile>
    <ClCompile Include="Engine\Source\math_utils.cpp">
      <Filter>Engine</Filter>
    </ClCompile>
    <ClCompile Include="Engine\Source\mesh.cpp">
      <Filter>Engine</Filter>
    </ClCompile>
    <ClCompile Include="Engine\Source\shader.cpp">
      <Filter>Engine</Filter>
    </ClCompile>
    <ClCompile Include="Engine\Source\sys_window.cpp">
      <Filter>Engine</Filter>
    </ClCompile>
    <ClCompile Include="Engine\Source\texture.cpp">
      <Filter>Engine</Filter>
    </ClCompile>
    <ClCompile Include="Engine\Source\vao.cpp">
      <Filter>Engine</Filter>
    </ClCompile>
    <ClCompile Include="Engine\Source\vbo.cpp">
      <Filter>Engine</Filter>
    </ClCompile>
    <ClCompile Include="main.cpp">
      <Filter>System</Filter>
    </ClCompile>
    <ClCompile Include="Engine\Source\Pipeline.cpp">
      <Filter>Engine</Filter>
    </ClCompile>
    <ClCompile Include="Engine\Source\Frustum.cpp">
      <Filter>Engine</Filter>
    </ClCompile>
    <ClCompile Include="settings.cpp" />
  </ItemGroup>
  <ItemGroup>
    <CudaCompile Include="PipeWater.cu">
      <Filter>CA</Filter>
    </CudaCompile>
  </ItemGroup>
</Project>